
Microsoft Visual Studio Solution File, Format Version 12.00
# Visual Studio Version 17
VisualStudioVersion = 17.0.31912.275
MinimumVisualStudioVersion = 10.0.40219.1
Project("{FAE04EC0-301F-11D3-BF4B-00C04F79EFBC}") = "CRUD", "CRUD.csproj", "{F35E559E-8523-4189-967D-79714BD33157}"
EndProject
Global
	GlobalSection(SolutionConfigurationPlatforms) = preSolution
		Debug|Any CPU = Debug|Any CPU
		Release|Any CPU = Release|Any CPU
	EndGlobalSection
	GlobalSection(ProjectConfigurationPlatforms) = postSolution
		{F35E559E-8523-4189-967D-79714BD33157}.Debug|Any CPU.ActiveCfg = Debug|Any CPU
		{F35E559E-8523-4189-967D-79714BD33157}.Debug|Any CPU.Build.0 = Debug|Any CPU
		{F35E559E-8523-4189-967D-79714BD33157}.Release|Any CPU.ActiveCfg = Release|Any CPU
		{F35E559E-8523-4189-967D-79714BD33157}.Release|Any CPU.Build.0 = Release|Any CPU
	EndGlobalSection
	GlobalSection(SolutionProperties) = preSolution
		HideSolutionNode = FALSE
	EndGlobalSection
	GlobalSection(ExtensibilityGlobals) = postSolution
		SolutionGuid = {3467619C-6D37-48B3-AFF1-B37B8A74C9F6}
	EndGlobalSection
EndGlobal
